// !$*UTF8*$!
{
	archiveVersion = 1;
	classes = {
	};
	objectVersion = 46;
	objects = {

/* Begin PBXBuildFile section */
		C9A6B9CC1CEE9F5C004DF143 /* Tool.m in Sources */ = {isa = PBXBuildFile; fileRef = C9A6B9CB1CEE9F5C004DF143 /* Tool.m */; };
		C9A6B9DE1CEEB2EA004DF143 /* icon.png in Resources */ = {isa = PBXBuildFile; fileRef = C9A6B9DD1CEEB2EA004DF143 /* icon.png */; };
		C9CB5D581CED9EFF00551C18 /* main.m in Sources */ = {isa = PBXBuildFile; fileRef = C9CB5D571CED9EFF00551C18 /* main.m */; };
		C9CB5D5B1CED9EFF00551C18 /* AppDelegate.m in Sources */ = {isa = PBXBuildFile; fileRef = C9CB5D5A1CED9EFF00551C18 /* AppDelegate.m */; };
		C9CB5D5E1CED9EFF00551C18 /* ViewController.m in Sources */ = {isa = PBXBuildFile; fileRef = C9CB5D5D1CED9EFF00551C18 /* ViewController.m */; };
		C9CB5D611CED9EFF00551C18 /* Main.storyboard in Resources */ = {isa = PBXBuildFile; fileRef = C9CB5D5F1CED9EFF00551C18 /* Main.storyboard */; };
		C9CB5D631CED9EFF00551C18 /* Assets.xcassets in Resources */ = {isa = PBXBuildFile; fileRef = C9CB5D621CED9EFF00551C18 /* Assets.xcassets */; };
		C9CB5D661CED9EFF00551C18 /* LaunchScreen.storyboard in Resources */ = {isa = PBXBuildFile; fileRef = C9CB5D641CED9EFF00551C18 /* LaunchScreen.storyboard */; };
		C9CB5D701CED9FEF00551C18 /* GCDAsyncUdpSocket.m in Sources */ = {isa = PBXBuildFile; fileRef = C9CB5D6F1CED9FEF00551C18 /* GCDAsyncUdpSocket.m */; };
/* End PBXBuildFile section */

/* Begin PBXFileReference section */
		C9A6B9CA1CEE9F5C004DF143 /* Tool.h */ = {isa = PBXFileReference; fileEncoding = 4; lastKnownFileType = sourcecode.c.h; path = Tool.h; sourceTree = "<group>"; };
		C9A6B9CB1CEE9F5C004DF143 /* Tool.m */ = {isa = PBXFileReference; fileEncoding = 4; lastKnownFileType = sourcecode.c.objc; path = Tool.m; sourceTree = "<group>"; };
		C9A6B9DD1CEEB2EA004DF143 /* icon.png */ = {isa = PBXFileReference; lastKnownFileType = image.png; path = icon.png; sourceTree = "<group>"; };
		C9CB5D531CED9EFF00551C18 /* UDPSocket_Rec.app */ = {isa = PBXFileReference; explicitFileType = wrapper.application; includeInIndex = 0; path = UDPSocket_Rec.app; sourceTree = BUILT_PRODUCTS_DIR; };
		C9CB5D571CED9EFF00551C18 /* main.m */ = {isa = PBXFileReference; lastKnownFileType = sourcecode.c.objc; path = main.m; sourceTree = "<group>"; };
		C9CB5D591CED9EFF00551C18 /* AppDelegate.h */ = {isa = PBXFileReference; lastKnownFileType = sourcecode.c.h; path = AppDelegate.h; sourceTree = "<group>"; };
		C9CB5D5A1CED9EFF00551C18 /* AppDelegate.m */ = {isa = PBXFileReference; lastKnownFileType = sourcecode.c.objc; path = AppDelegate.m; sourceTree = "<group>"; };
		C9CB5D5C1CED9EFF00551C18 /* ViewController.h */ = {isa = PBXFileReference; lastKnownFileType = sourcecode.c.h; path = ViewController.h; sourceTree = "<group>"; };
		C9CB5D5D1CED9EFF00551C18 /* ViewController.m */ = {isa = PBXFileReference; lastKnownFileType = sourcecode.c.objc; path = ViewController.m; sourceTree = "<group>"; };
		C9CB5D601CED9EFF00551C18 /* Base */ = {isa = PBXFileReference; lastKnownFileType = file.storyboard; name = Base; path = Base.lproj/Main.storyboard; sourceTree = "<group>"; };
		C9CB5D621CED9EFF00551C18 /* Assets.xcassets */ = {isa = PBXFileReference; lastKnownFileType = folder.assetcatalog; path = Assets.xcassets; sourceTree = "<group>"; };
		C9CB5D651CED9EFF00551C18 /* Base */ = {isa = PBXFileReference; lastKnownFileType = file.storyboard; name = Base; path = Base.lproj/LaunchScreen.storyboard; sourceTree = "<group>"; };
		C9CB5D671CED9EFF00551C18 /* Info.plist */ = {isa = PBXFileReference; lastKnownFileType = text.plist.xml; path = Info.plist; sourceTree = "<group>"; };
		C9CB5D6E1CED9FEF00551C18 /* GCDAsyncUdpSocket.h */ = {isa = PBXFileReference; fileEncoding = 4; lastKnownFileType = sourcecode.c.h; path = GCDAsyncUdpSocket.h; sourceTree = "<group>"; };
		C9CB5D6F1CED9FEF00551C18 /* GCDAsyncUdpSocket.m */ = {isa = PBXFileReference; fileEncoding = 4; lastKnownFileType = sourcecode.c.objc; path = GCDAsyncUdpSocket.m; sourceTree = "<group>"; };
/* End PBXFileReference section */

/* Begin PBXFrameworksBuildPhase section */
		C9CB5D501CED9EFF00551C18 /* Frameworks */ = {
			isa = PBXFrameworksBuildPhase;
			buildActionMask = 2147483647;
			files = (
			);
			runOnlyForDeploymentPostprocessing = 0;
		};
/* End PBXFrameworksBuildPhase section */

/* Begin PBXGroup section */
		C9A6B9C91CEE9F5C004DF143 /* Config */ = {
			isa = PBXGroup;
			children = (
				C9A6B9CA1CEE9F5C004DF143 /* Tool.h */,
				C9A6B9CB1CEE9F5C004DF143 /* Tool.m */,
			);
			name = Config;
			path = ../../Config;
			sourceTree = "<group>";
		};
		C9CB5D4A1CED9EFF00551C18 = {
			isa = PBXGroup;
			children = (
				C9A6B9C91CEE9F5C004DF143 /* Config */,
				C9CB5D6D1CED9FEF00551C18 /* GCDAsyncUdpSocket */,
				C9CB5D551CED9EFF00551C18 /* UDPSocket_Rec */,
				C9CB5D541CED9EFF00551C18 /* Products */,
			);
			sourceTree = "<group>";
		};
		C9CB5D541CED9EFF00551C18 /* Products */ = {
			isa = PBXGroup;
			children = (
				C9CB5D531CED9EFF00551C18 /* UDPSocket_Rec.app */,
			);
			name = Products;
			sourceTree = "<group>";
		};
		C9CB5D551CED9EFF00551C18 /* UDPSocket_Rec */ = {
			isa = PBXGroup;
			children = (
				C9CB5D591CED9EFF00551C18 /* AppDelegate.h */,
				C9CB5D5A1CED9EFF00551C18 /* AppDelegate.m */,
				C9CB5D5C1CED9EFF00551C18 /* ViewController.h */,
				C9CB5D5D1CED9EFF00551C18 /* ViewController.m */,
				C9CB5D5F1CED9EFF00551C18 /* Main.storyboard */,
				C9CB5D621CED9EFF00551C18 /* Assets.xcassets */,
				C9CB5D641CED9EFF00551C18 /* LaunchScreen.storyboard */,
				C9CB5D671CED9EFF00551C18 /* Info.plist */,
				C9CB5D561CED9EFF00551C18 /* Supporting Files */,
			);
			path = UDPSocket_Rec;
			sourceTree = "<group>";
		};
		C9CB5D561CED9EFF00551C18 /* Supporting Files */ = {
			isa = PBXGroup;
			children = (
				C9A6B9DD1CEEB2EA004DF143 /* icon.png */,
				C9CB5D571CED9EFF00551C18 /* main.m */,
			);
			name = "Supporting Files";
			sourceTree = "<group>";
		};
		C9CB5D6D1CED9FEF00551C18 /* GCDAsyncUdpSocket */ = {
			isa = PBXGroup;
			children = (
				C9CB5D6E1CED9FEF00551C18 /* GCDAsyncUdpSocket.h */,
				C9CB5D6F1CED9FEF00551C18 /* GCDAsyncUdpSocket.m */,
			);
			name = GCDAsyncUdpSocket;
			path = ../GCDAsyncUdpSocket;
			sourceTree = "<group>";
		};
/* End PBXGroup section */

/* Begin PBXNativeTarget section */
		C9CB5D521CED9EFF00551C18 /* UDPSocket_Rec */ = {
			isa = PBXNativeTarget;
			buildConfigurationList = C9CB5D6A1CED9EFF00551C18 /* Build configuration list for PBXNativeTarget "UDPSocket_Rec" */;
			buildPhases = (
				C9CB5D4F1CED9EFF00551C18 /* Sources */,
				C9CB5D501CED9EFF00551C18 /* Frameworks */,
				C9CB5D511CED9EFF00551C18 /* Resources */,
			);
			buildRules = (
			);
			dependencies = (
			);
			name = UDPSocket_Rec;
			productName = UDPSocket_Rec;
			productReference = C9CB5D531CED9EFF00551C18 /* UDPSocket_Rec.app */;
			productType = "com.apple.product-type.application";
		};
/* End PBXNativeTarget section */

/* Begin PBXProject section */
		C9CB5D4B1CED9EFF00551C18 /* Project object */ = {
			isa = PBXProject;
			attributes = {
				LastUpgradeCheck = 0730;
				ORGANIZATIONNAME = XWH;
				TargetAttributes = {
					C9CB5D521CED9EFF00551C18 = {
						CreatedOnToolsVersion = 7.3.1;
					};
				};
			};
			buildConfigurationList = C9CB5D4E1CED9EFF00551C18 /* Build configuration list for PBXProject "UDPSocket_Rec" */;
			compatibilityVersion = "Xcode 3.2";
			developmentRegion = English;
			hasScannedForEncodings = 0;
			knownRegions = (
				en,
				Base,
			);
			mainGroup = C9CB5D4A1CED9EFF00551C18;
			productRefGroup = C9CB5D541CED9EFF00551C18 /* Products */;
			projectDirPath = "";
			projectRoot = "";
			targets = (
				C9CB5D521CED9EFF00551C18 /* UDPSocket_Rec */,
			);
		};
/* End PBXProject section */

/* Begin PBXResourcesBuildPhase section */
		C9CB5D511CED9EFF00551C18 /* Resources */ = {
			isa = PBXResourcesBuildPhase;
			buildActionMask = 2147483647;
			files = (
				C9A6B9DE1CEEB2EA004DF143 /* icon.png in Resources */,
				C9CB5D661CED9EFF00551C18 /* LaunchScreen.storyboard in Resources */,
				C9CB5D631CED9EFF00551C18 /* Assets.xcassets in Resources */,
				C9CB5D611CED9EFF00551C18 /* Main.storyboard in Resources */,
			);
			runOnlyForDeploymentPostprocessing = 0;
		};
/* End PBXResourcesBuildPhase section */

/* Begin PBXSourcesBuildPhase section */
		C9CB5D4F1CED9EFF00551C18 /* Sources */ = {
			isa = PBXSourcesBuildPhase;
			buildActionMask = 2147483647;
			files = (
				C9A6B9CC1CEE9F5C004DF143 /* Tool.m in Sources */,
				C9CB5D701CED9FEF00551C18 /* GCDAsyncUdpSocket.m in Sources */,
				C9CB5D5E1CED9EFF00551C18 /* ViewController.m in Sources */,
				C9CB5D5B1CED9EFF00551C18 /* AppDelegate.m in Sources */,
				C9CB5D581CED9EFF00551C18 /* main.m in Sources */,
			);
			runOnlyForDeploymentPostprocessing = 0;
		};
/* End PBXSourcesBuildPhase section */

/* Begin PBXVariantGroup section */
		C9CB5D5F1CED9EFF00551C18 /* Main.storyboard */ = {
			isa = PBXVariantGroup;
			children = (
				C9CB5D601CED9EFF00551C18 /* Base */,
			);
			name = Main.storyboard;
			sourceTree = "<group>";
		};
		C9CB5D641CED9EFF00551C18 /* LaunchScreen.storyboard */ = {
			isa = PBXVariantGroup;
			children = (
				C9CB5D651CED9EFF00551C18 /* Base */,
			);
			name = LaunchScreen.storyboard;
			sourceTree = "<group>";
		};
/* End PBXVariantGroup section */

/* Begin XCBuildConfiguration section */
		C9CB5D681CED9EFF00551C18 /* Debug */ = {
			isa = XCBuildConfiguration;
			buildSettings = {
				ALWAYS_SEARCH_USER_PATHS = NO;
				CLANG_ANALYZER_NONNULL = YES;
				CLANG_CXX_LANGUAGE_STANDARD = "gnu++0x";
				CLANG_CXX_LIBRARY = "libc++";
				CLANG_ENABLE_MODULES = YES;
				CLANG_ENABLE_OBJC_ARC = YES;
				CLANG_WARN_BOOL_CONVERSION = YES;
				CLANG_WARN_CONSTANT_CONVERSION = YES;
				CLANG_WARN_DIRECT_OBJC_ISA_USAGE = YES_ERROR;
				CLANG_WARN_EMPTY_BODY = YES;
				CLANG_WARN_ENUM_CONVERSION = YES;
				CLANG_WARN_INT_CONVERSION = YES;
				CLANG_WARN_OBJC_ROOT_CLASS = YES_ERROR;
				CLANG_WARN_UNREACHABLE_CODE = YES;
				CLANG_WARN__DUPLICATE_METHOD_MATCH = YES;
				"CODE_SIGN_IDENTITY[sdk=iphoneos*]" = "iPhone Developer";
				COPY_PHASE_STRIP = NO;
				DEBUG_INFORMATION_FORMAT = dwarf;
				ENABLE_STRICT_OBJC_MSGSEND = YES;
				ENABLE_TESTABILITY = YES;
				GCC_C_LANGUAGE_STANDARD = gnu99;
				GCC_DYNAMIC_NO_PIC = NO;
				GCC_NO_COMMON_BLOCKS = YES;
				GCC_OPTIMIZATION_LEVEL = 0;
				GCC_PREPROCESSOR_DEFINITIONS = (
					"DEBUG=1",
					"$(inherited)",
				);
				GCC_WARN_64_TO_32_BIT_CONVERSION = YES;
				GCC_WARN_ABOUT_RETURN_TYPE = YES_ERROR;
				GCC_WARN_UNDECLARED_SELECTOR = YES;
				GCC_WARN_UNINITIALIZED_AUTOS = YES_AGGRESSIVE;
				GCC_WARN_UNUSED_FUNCTION = YES;
				GCC_WARN_UNUSED_VARIABLE = YES;
				IPHONEOS_DEPLOYMENT_TARGET = 9.3;
				MTL_ENABLE_DEBUG_INFO = YES;
				ONLY_ACTIVE_ARCH = YES;
				SDKROOT = iphoneos;
				TARGETED_DEVICE_FAMILY = "1,2";
			};
			name = Debug;
		};
		C9CB5D691CED9EFF00551C18 /* Release */ = {
			isa = XCBuildConfiguration;
			buildSettings = {
				ALWAYS_SEARCH_USER_PATHS = NO;
				CLANG_ANALYZER_NONNULL = YES;
				CLANG_CXX_LANGUAGE_STANDARD = "gnu++0x";
				CLANG_CXX_LIBRARY = "libc++";
				CLANG_ENABLE_MODULES = YES;
				CLANG_ENABLE_OBJC_ARC = YES;
				CLANG_WARN_BOOL_CONVERSION = YES;
				CLANG_WARN_CONSTANT_CONVERSION = YES;
				CLANG_WARN_DIRECT_OBJC_ISA_USAGE = YES_ERROR;
				CLANG_WARN_EMPTY_BODY = YES;
				CLANG_WARN_ENUM_CONVERSION = YES;
				CLANG_WARN_INT_CONVERSION = YES;
				CLANG_WARN_OBJC_ROOT_CLASS = YES_ERROR;
				CLANG_WARN_UNREACHABLE_CODE = YES;
				CLANG_WARN__DUPLICATE_METHOD_MATCH = YES;
				"CODE_SIGN_IDENTITY[sdk=iphoneos*]" = "iPhone Developer";
				COPY_PHASE_STRIP = NO;
				DEBUG_INFORMATION_FORMAT = "dwarf-with-dsym";
				ENABLE_NS_ASSERTIONS = NO;
				ENABLE_STRICT_OBJC_MSGSEND = YES;
				GCC_C_LANGUAGE_STANDARD = gnu99;
				GCC_NO_COMMON_BLOCKS = YES;
				GCC_WARN_64_TO_32_BIT_CONVERSION = YES;
				GCC_WARN_ABOUT_RETURN_TYPE = YES_ERROR;
				GCC_WARN_UNDECLARED_SELECTOR = YES;
				GCC_WARN_UNINITIALIZED_AUTOS = YES_AGGRESSIVE;
				GCC_WARN_UNUSED_FUNCTION = YES;
				GCC_WARN_UNUSED_VARIABLE = YES;
				IPHONEOS_DEPLOYMENT_TARGET = 9.3;
				MTL_ENABLE_DEBUG_INFO = NO;
				SDKROOT = iphoneos;
				TARGETED_DEVICE_FAMILY = "1,2";
				VALIDATE_PRODUCT = YES;
			};
			name = Release;
		};
		C9CB5D6B1CED9EFF00551C18 /* Debug */ = {
			isa = XCBuildConfiguration;
			buildSettings = {
				ASSETCATALOG_COMPILER_APPICON_NAME = AppIcon;
				INFOPLIST_FILE = UDPSocket_Rec/Info.plist;
				IPHONEOS_DEPLOYMENT_TARGET = 8.0;
				LD_RUNPATH_SEARCH_PATHS = "$(inherited) @executable_path/Frameworks";
				PRODUCT_BUNDLE_IDENTIFIER = "com.1019459067.UDPSocket-Rec";
				PRODUCT_NAME = "$(TARGET_NAME)";
			};
			name = Debug;
		};
		C9CB5D6C1CED9EFF00551C18 /* Release */ = {
			isa = XCBuildConfiguration;
			buildSettings = {
				ASSETCATALOG_COMPILER_APPICON_NAME = AppIcon;
				INFOPLIST_FILE = UDPSocket_Rec/Info.plist;
				IPHONEOS_DEPLOYMENT_TARGET = 8.0;
				LD_RUNPATH_SEARCH_PATHS = "$(inherited) @executable_path/Frameworks";
				PRODUCT_BUNDLE_IDENTIFIER = "com.1019459067.UDPSocket-Rec";
				PRODUCT_NAME = "$(TARGET_NAME)";
			};
			name = Release;
		};
/* End XCBuildConfiguration section */

/* Begin XCConfigurationList section */
		C9CB5D4E1CED9EFF00551C18 /* Build configuration list for PBXProject "UDPSocket_Rec" */ = {
			isa = XCConfigurationList;
			buildConfigurations = (
				C9CB5D681CED9EFF00551C18 /* Debug */,
				C9CB5D691CED9EFF00551C18 /* Release */,
			);
			defaultConfigurationIsVisible = 0;
			defaultConfigurationName = Release;
		};
		C9CB5D6A1CED9EFF00551C18 /* Build configuration list for PBXNativeTarget "UDPSocket_Rec" */ = {
			isa = XCConfigurationList;
			buildConfigurations = (
				C9CB5D6B1CED9EFF00551C18 /* Debug */,
				C9CB5D6C1CED9EFF00551C18 /* Release */,
			);
			defaultConfigurationIsVisible = 0;
			defaultConfigurationName = Release;
		};
/* End XCConfigurationList section */
	};
	rootObject = C9CB5D4B1CED9EFF00551C18 /* Project object */;
}
