// !$*UTF8*$!
{
	archiveVersion = 1;
	classes = {
	};
	objectVersion = 46;
	objects = {

/* Begin PBXBuildFile section */
		C944B6491D09DEDE003CF9CC /* main.m in Sources */ = {isa = PBXBuildFile; fileRef = C944B6481D09DEDE003CF9CC /* main.m */; };
		C944B64C1D09DEDE003CF9CC /* AppDelegate.m in Sources */ = {isa = PBXBuildFile; fileRef = C944B64B1D09DEDE003CF9CC /* AppDelegate.m */; };
		C944B64F1D09DEDE003CF9CC /* ViewController.m in Sources */ = {isa = PBXBuildFile; fileRef = C944B64E1D09DEDE003CF9CC /* ViewController.m */; };
		C944B6521D09DEDE003CF9CC /* Main.storyboard in Resources */ = {isa = PBXBuildFile; fileRef = C944B6501D09DEDE003CF9CC /* Main.storyboard */; };
		C944B6541D09DEDE003CF9CC /* Assets.xcassets in Resources */ = {isa = PBXBuildFile; fileRef = C944B6531D09DEDE003CF9CC /* Assets.xcassets */; };
		C944B6571D09DEDE003CF9CC /* LaunchScreen.storyboard in Resources */ = {isa = PBXBuildFile; fileRef = C944B6551D09DEDE003CF9CC /* LaunchScreen.storyboard */; };
		C944B6611D09DF30003CF9CC /* GCDAsyncUdpSocket.m in Sources */ = {isa = PBXBuildFile; fileRef = C944B6601D09DF30003CF9CC /* GCDAsyncUdpSocket.m */; };
		C944B6651D09DF3B003CF9CC /* Tool.m in Sources */ = {isa = PBXBuildFile; fileRef = C944B6641D09DF3B003CF9CC /* Tool.m */; };
		C944B69E1D09E4B6003CF9CC /* Reachability.m in Sources */ = {isa = PBXBuildFile; fileRef = C944B69D1D09E4B6003CF9CC /* Reachability.m */; };
		C973163A1D0E741200362DCB /* Common.m in Sources */ = {isa = PBXBuildFile; fileRef = C97316391D0E741200362DCB /* Common.m */; };
/* End PBXBuildFile section */

/* Begin PBXFileReference section */
		C944B6441D09DEDE003CF9CC /* UDPBroadCast_Send.app */ = {isa = PBXFileReference; explicitFileType = wrapper.application; includeInIndex = 0; path = UDPBroadCast_Send.app; sourceTree = BUILT_PRODUCTS_DIR; };
		C944B6481D09DEDE003CF9CC /* main.m */ = {isa = PBXFileReference; lastKnownFileType = sourcecode.c.objc; path = main.m; sourceTree = "<group>"; };
		C944B64A1D09DEDE003CF9CC /* AppDelegate.h */ = {isa = PBXFileReference; lastKnownFileType = sourcecode.c.h; path = AppDelegate.h; sourceTree = "<group>"; };
		C944B64B1D09DEDE003CF9CC /* AppDelegate.m */ = {isa = PBXFileReference; lastKnownFileType = sourcecode.c.objc; path = AppDelegate.m; sourceTree = "<group>"; };
		C944B64D1D09DEDE003CF9CC /* ViewController.h */ = {isa = PBXFileReference; lastKnownFileType = sourcecode.c.h; path = ViewController.h; sourceTree = "<group>"; };
		C944B64E1D09DEDE003CF9CC /* ViewController.m */ = {isa = PBXFileReference; lastKnownFileType = sourcecode.c.objc; path = ViewController.m; sourceTree = "<group>"; };
		C944B6511D09DEDE003CF9CC /* Base */ = {isa = PBXFileReference; lastKnownFileType = file.storyboard; name = Base; path = Base.lproj/Main.storyboard; sourceTree = "<group>"; };
		C944B6531D09DEDE003CF9CC /* Assets.xcassets */ = {isa = PBXFileReference; lastKnownFileType = folder.assetcatalog; path = Assets.xcassets; sourceTree = "<group>"; };
		C944B6561D09DEDE003CF9CC /* Base */ = {isa = PBXFileReference; lastKnownFileType = file.storyboard; name = Base; path = Base.lproj/LaunchScreen.storyboard; sourceTree = "<group>"; };
		C944B6581D09DEDE003CF9CC /* Info.plist */ = {isa = PBXFileReference; lastKnownFileType = text.plist.xml; path = Info.plist; sourceTree = "<group>"; };
		C944B65F1D09DF30003CF9CC /* GCDAsyncUdpSocket.h */ = {isa = PBXFileReference; fileEncoding = 4; lastKnownFileType = sourcecode.c.h; path = GCDAsyncUdpSocket.h; sourceTree = "<group>"; };
		C944B6601D09DF30003CF9CC /* GCDAsyncUdpSocket.m */ = {isa = PBXFileReference; fileEncoding = 4; lastKnownFileType = sourcecode.c.objc; path = GCDAsyncUdpSocket.m; sourceTree = "<group>"; };
		C944B6631D09DF3B003CF9CC /* Tool.h */ = {isa = PBXFileReference; fileEncoding = 4; lastKnownFileType = sourcecode.c.h; path = Tool.h; sourceTree = "<group>"; };
		C944B6641D09DF3B003CF9CC /* Tool.m */ = {isa = PBXFileReference; fileEncoding = 4; lastKnownFileType = sourcecode.c.objc; path = Tool.m; sourceTree = "<group>"; };
		C944B69C1D09E4B6003CF9CC /* Reachability.h */ = {isa = PBXFileReference; fileEncoding = 4; lastKnownFileType = sourcecode.c.h; path = Reachability.h; sourceTree = "<group>"; };
		C944B69D1D09E4B6003CF9CC /* Reachability.m */ = {isa = PBXFileReference; fileEncoding = 4; lastKnownFileType = sourcecode.c.objc; path = Reachability.m; sourceTree = "<group>"; };
		C97316381D0E741200362DCB /* Common.h */ = {isa = PBXFileReference; fileEncoding = 4; lastKnownFileType = sourcecode.c.h; path = Common.h; sourceTree = "<group>"; };
		C97316391D0E741200362DCB /* Common.m */ = {isa = PBXFileReference; fileEncoding = 4; lastKnownFileType = sourcecode.c.objc; path = Common.m; sourceTree = "<group>"; };
/* End PBXFileReference section */

/* Begin PBXFrameworksBuildPhase section */
		C944B6411D09DEDE003CF9CC /* Frameworks */ = {
			isa = PBXFrameworksBuildPhase;
			buildActionMask = 2147483647;
			files = (
			);
			runOnlyForDeploymentPostprocessing = 0;
		};
/* End PBXFrameworksBuildPhase section */

/* Begin PBXGroup section */
		C944B63B1D09DEDE003CF9CC = {
			isa = PBXGroup;
			children = (
				C944B69B1D09E4B6003CF9CC /* Reachability */,
				C944B6621D09DF3B003CF9CC /* Config */,
				C944B65E1D09DF30003CF9CC /* GCDAsyncUdpSocket */,
				C944B6461D09DEDE003CF9CC /* UDPBroadCast_Send */,
				C944B6451D09DEDE003CF9CC /* Products */,
			);
			sourceTree = "<group>";
		};
		C944B6451D09DEDE003CF9CC /* Products */ = {
			isa = PBXGroup;
			children = (
				C944B6441D09DEDE003CF9CC /* UDPBroadCast_Send.app */,
			);
			name = Products;
			sourceTree = "<group>";
		};
		C944B6461D09DEDE003CF9CC /* UDPBroadCast_Send */ = {
			isa = PBXGroup;
			children = (
				C944B64A1D09DEDE003CF9CC /* AppDelegate.h */,
				C944B64B1D09DEDE003CF9CC /* AppDelegate.m */,
				C944B64D1D09DEDE003CF9CC /* ViewController.h */,
				C944B64E1D09DEDE003CF9CC /* ViewController.m */,
				C944B6501D09DEDE003CF9CC /* Main.storyboard */,
				C944B6531D09DEDE003CF9CC /* Assets.xcassets */,
				C944B6551D09DEDE003CF9CC /* LaunchScreen.storyboard */,
				C944B6581D09DEDE003CF9CC /* Info.plist */,
				C944B6471D09DEDE003CF9CC /* Supporting Files */,
			);
			path = UDPBroadCast_Send;
			sourceTree = "<group>";
		};
		C944B6471D09DEDE003CF9CC /* Supporting Files */ = {
			isa = PBXGroup;
			children = (
				C944B6481D09DEDE003CF9CC /* main.m */,
			);
			name = "Supporting Files";
			sourceTree = "<group>";
		};
		C944B65E1D09DF30003CF9CC /* GCDAsyncUdpSocket */ = {
			isa = PBXGroup;
			children = (
				C944B65F1D09DF30003CF9CC /* GCDAsyncUdpSocket.h */,
				C944B6601D09DF30003CF9CC /* GCDAsyncUdpSocket.m */,
			);
			name = GCDAsyncUdpSocket;
			path = ../GCDAsyncUdpSocket;
			sourceTree = "<group>";
		};
		C944B6621D09DF3B003CF9CC /* Config */ = {
			isa = PBXGroup;
			children = (
				C97316381D0E741200362DCB /* Common.h */,
				C97316391D0E741200362DCB /* Common.m */,
				C944B6631D09DF3B003CF9CC /* Tool.h */,
				C944B6641D09DF3B003CF9CC /* Tool.m */,
			);
			name = Config;
			path = ../../Config;
			sourceTree = "<group>";
		};
		C944B69B1D09E4B6003CF9CC /* Reachability */ = {
			isa = PBXGroup;
			children = (
				C944B69C1D09E4B6003CF9CC /* Reachability.h */,
				C944B69D1D09E4B6003CF9CC /* Reachability.m */,
			);
			name = Reachability;
			path = ../../Reachability;
			sourceTree = "<group>";
		};
/* End PBXGroup section */

/* Begin PBXNativeTarget section */
		C944B6431D09DEDE003CF9CC /* UDPBroadCast_Send */ = {
			isa = PBXNativeTarget;
			buildConfigurationList = C944B65B1D09DEDE003CF9CC /* Build configuration list for PBXNativeTarget "UDPBroadCast_Send" */;
			buildPhases = (
				C944B6401D09DEDE003CF9CC /* Sources */,
				C944B6411D09DEDE003CF9CC /* Frameworks */,
				C944B6421D09DEDE003CF9CC /* Resources */,
			);
			buildRules = (
			);
			dependencies = (
			);
			name = UDPBroadCast_Send;
			productName = UDPBroadCast_Send;
			productReference = C944B6441D09DEDE003CF9CC /* UDPBroadCast_Send.app */;
			productType = "com.apple.product-type.application";
		};
/* End PBXNativeTarget section */

/* Begin PBXProject section */
		C944B63C1D09DEDE003CF9CC /* Project object */ = {
			isa = PBXProject;
			attributes = {
				LastUpgradeCheck = 0730;
				ORGANIZATIONNAME = XWH;
				TargetAttributes = {
					C944B6431D09DEDE003CF9CC = {
						CreatedOnToolsVersion = 7.3;
					};
				};
			};
			buildConfigurationList = C944B63F1D09DEDE003CF9CC /* Build configuration list for PBXProject "UDPBroadCast_Send" */;
			compatibilityVersion = "Xcode 3.2";
			developmentRegion = English;
			hasScannedForEncodings = 0;
			knownRegions = (
				en,
				Base,
			);
			mainGroup = C944B63B1D09DEDE003CF9CC;
			productRefGroup = C944B6451D09DEDE003CF9CC /* Products */;
			projectDirPath = "";
			projectRoot = "";
			targets = (
				C944B6431D09DEDE003CF9CC /* UDPBroadCast_Send */,
			);
		};
/* End PBXProject section */

/* Begin PBXResourcesBuildPhase section */
		C944B6421D09DEDE003CF9CC /* Resources */ = {
			isa = PBXResourcesBuildPhase;
			buildActionMask = 2147483647;
			files = (
				C944B6571D09DEDE003CF9CC /* LaunchScreen.storyboard in Resources */,
				C944B6541D09DEDE003CF9CC /* Assets.xcassets in Resources */,
				C944B6521D09DEDE003CF9CC /* Main.storyboard in Resources */,
			);
			runOnlyForDeploymentPostprocessing = 0;
		};
/* End PBXResourcesBuildPhase section */

/* Begin PBXSourcesBuildPhase section */
		C944B6401D09DEDE003CF9CC /* Sources */ = {
			isa = PBXSourcesBuildPhase;
			buildActionMask = 2147483647;
			files = (
				C944B6651D09DF3B003CF9CC /* Tool.m in Sources */,
				C944B6611D09DF30003CF9CC /* GCDAsyncUdpSocket.m in Sources */,
				C944B69E1D09E4B6003CF9CC /* Reachability.m in Sources */,
				C944B64F1D09DEDE003CF9CC /* ViewController.m in Sources */,
				C944B64C1D09DEDE003CF9CC /* AppDelegate.m in Sources */,
				C944B6491D09DEDE003CF9CC /* main.m in Sources */,
				C973163A1D0E741200362DCB /* Common.m in Sources */,
			);
			runOnlyForDeploymentPostprocessing = 0;
		};
/* End PBXSourcesBuildPhase section */

/* Begin PBXVariantGroup section */
		C944B6501D09DEDE003CF9CC /* Main.storyboard */ = {
			isa = PBXVariantGroup;
			children = (
				C944B6511D09DEDE003CF9CC /* Base */,
			);
			name = Main.storyboard;
			sourceTree = "<group>";
		};
		C944B6551D09DEDE003CF9CC /* LaunchScreen.storyboard */ = {
			isa = PBXVariantGroup;
			children = (
				C944B6561D09DEDE003CF9CC /* Base */,
			);
			name = LaunchScreen.storyboard;
			sourceTree = "<group>";
		};
/* End PBXVariantGroup section */

/* Begin XCBuildConfiguration section */
		C944B6591D09DEDE003CF9CC /* Debug */ = {
			isa = XCBuildConfiguration;
			buildSettings = {
				ALWAYS_SEARCH_USER_PATHS = NO;
				CLANG_ANALYZER_NONNULL = YES;
				CLANG_CXX_LANGUAGE_STANDARD = "gnu++0x";
				CLANG_CXX_LIBRARY = "libc++";
				CLANG_ENABLE_MODULES = YES;
				CLANG_ENABLE_OBJC_ARC = YES;
				CLANG_WARN_BOOL_CONVERSION = YES;
				CLANG_WARN_CONSTANT_CONVERSION = YES;
				CLANG_WARN_DIRECT_OBJC_ISA_USAGE = YES_ERROR;
				CLANG_WARN_EMPTY_BODY = YES;
				CLANG_WARN_ENUM_CONVERSION = YES;
				CLANG_WARN_INT_CONVERSION = YES;
				CLANG_WARN_OBJC_ROOT_CLASS = YES_ERROR;
				CLANG_WARN_UNREACHABLE_CODE = YES;
				CLANG_WARN__DUPLICATE_METHOD_MATCH = YES;
				"CODE_SIGN_IDENTITY[sdk=iphoneos*]" = "iPhone Developer";
				COPY_PHASE_STRIP = NO;
				DEBUG_INFORMATION_FORMAT = dwarf;
				ENABLE_STRICT_OBJC_MSGSEND = YES;
				ENABLE_TESTABILITY = YES;
				GCC_C_LANGUAGE_STANDARD = gnu99;
				GCC_DYNAMIC_NO_PIC = NO;
				GCC_NO_COMMON_BLOCKS = YES;
				GCC_OPTIMIZATION_LEVEL = 0;
				GCC_PREPROCESSOR_DEFINITIONS = (
					"DEBUG=1",
					"$(inherited)",
				);
				GCC_WARN_64_TO_32_BIT_CONVERSION = YES;
				GCC_WARN_ABOUT_RETURN_TYPE = YES_ERROR;
				GCC_WARN_UNDECLARED_SELECTOR = YES;
				GCC_WARN_UNINITIALIZED_AUTOS = YES_AGGRESSIVE;
				GCC_WARN_UNUSED_FUNCTION = YES;
				GCC_WARN_UNUSED_VARIABLE = YES;
				IPHONEOS_DEPLOYMENT_TARGET = 9.3;
				MTL_ENABLE_DEBUG_INFO = YES;
				ONLY_ACTIVE_ARCH = YES;
				SDKROOT = iphoneos;
				TARGETED_DEVICE_FAMILY = "1,2";
			};
			name = Debug;
		};
		C944B65A1D09DEDE003CF9CC /* Release */ = {
			isa = XCBuildConfiguration;
			buildSettings = {
				ALWAYS_SEARCH_USER_PATHS = NO;
				CLANG_ANALYZER_NONNULL = YES;
				CLANG_CXX_LANGUAGE_STANDARD = "gnu++0x";
				CLANG_CXX_LIBRARY = "libc++";
				CLANG_ENABLE_MODULES = YES;
				CLANG_ENABLE_OBJC_ARC = YES;
				CLANG_WARN_BOOL_CONVERSION = YES;
				CLANG_WARN_CONSTANT_CONVERSION = YES;
				CLANG_WARN_DIRECT_OBJC_ISA_USAGE = YES_ERROR;
				CLANG_WARN_EMPTY_BODY = YES;
				CLANG_WARN_ENUM_CONVERSION = YES;
				CLANG_WARN_INT_CONVERSION = YES;
				CLANG_WARN_OBJC_ROOT_CLASS = YES_ERROR;
				CLANG_WARN_UNREACHABLE_CODE = YES;
				CLANG_WARN__DUPLICATE_METHOD_MATCH = YES;
				"CODE_SIGN_IDENTITY[sdk=iphoneos*]" = "iPhone Developer";
				COPY_PHASE_STRIP = NO;
				DEBUG_INFORMATION_FORMAT = "dwarf-with-dsym";
				ENABLE_NS_ASSERTIONS = NO;
				ENABLE_STRICT_OBJC_MSGSEND = YES;
				GCC_C_LANGUAGE_STANDARD = gnu99;
				GCC_NO_COMMON_BLOCKS = YES;
				GCC_WARN_64_TO_32_BIT_CONVERSION = YES;
				GCC_WARN_ABOUT_RETURN_TYPE = YES_ERROR;
				GCC_WARN_UNDECLARED_SELECTOR = YES;
				GCC_WARN_UNINITIALIZED_AUTOS = YES_AGGRESSIVE;
				GCC_WARN_UNUSED_FUNCTION = YES;
				GCC_WARN_UNUSED_VARIABLE = YES;
				IPHONEOS_DEPLOYMENT_TARGET = 9.3;
				MTL_ENABLE_DEBUG_INFO = NO;
				SDKROOT = iphoneos;
				TARGETED_DEVICE_FAMILY = "1,2";
				VALIDATE_PRODUCT = YES;
			};
			name = Release;
		};
		C944B65C1D09DEDE003CF9CC /* Debug */ = {
			isa = XCBuildConfiguration;
			buildSettings = {
				ASSETCATALOG_COMPILER_APPICON_NAME = AppIcon;
				INFOPLIST_FILE = UDPBroadCast_Send/Info.plist;
				IPHONEOS_DEPLOYMENT_TARGET = 8.0;
				LD_RUNPATH_SEARCH_PATHS = "$(inherited) @executable_path/Frameworks";
				PRODUCT_BUNDLE_IDENTIFIER = "com.1019459067.UDPBroadCast-Send";
				PRODUCT_NAME = "$(TARGET_NAME)";
			};
			name = Debug;
		};
		C944B65D1D09DEDE003CF9CC /* Release */ = {
			isa = XCBuildConfiguration;
			buildSettings = {
				ASSETCATALOG_COMPILER_APPICON_NAME = AppIcon;
				INFOPLIST_FILE = UDPBroadCast_Send/Info.plist;
				IPHONEOS_DEPLOYMENT_TARGET = 8.0;
				LD_RUNPATH_SEARCH_PATHS = "$(inherited) @executable_path/Frameworks";
				PRODUCT_BUNDLE_IDENTIFIER = "com.1019459067.UDPBroadCast-Send";
				PRODUCT_NAME = "$(TARGET_NAME)";
			};
			name = Release;
		};
/* End XCBuildConfiguration section */

/* Begin XCConfigurationList section */
		C944B63F1D09DEDE003CF9CC /* Build configuration list for PBXProject "UDPBroadCast_Send" */ = {
			isa = XCConfigurationList;
			buildConfigurations = (
				C944B6591D09DEDE003CF9CC /* Debug */,
				C944B65A1D09DEDE003CF9CC /* Release */,
			);
			defaultConfigurationIsVisible = 0;
			defaultConfigurationName = Release;
		};
		C944B65B1D09DEDE003CF9CC /* Build configuration list for PBXNativeTarget "UDPBroadCast_Send" */ = {
			isa = XCConfigurationList;
			buildConfigurations = (
				C944B65C1D09DEDE003CF9CC /* Debug */,
				C944B65D1D09DEDE003CF9CC /* Release */,
			);
			defaultConfigurationIsVisible = 0;
			defaultConfigurationName = Release;
		};
/* End XCConfigurationList section */
	};
	rootObject = C944B63C1D09DEDE003CF9CC /* Project object */;
}
